
Microsoft Visual Studio Solution File, Format Version 12.00
# Visual Studio Version 16
VisualStudioVersion = 16.0.30320.27
MinimumVisualStudioVersion = 10.0.40219.1
Project("{FAE04EC0-301F-11D3-BF4B-00C04F79EFBC}") = "Site", "Site\Site.csproj", "{E44BA0B6-49D7-4DC7-A859-28E268D72172}"
EndProject
Project("{FAE04EC0-301F-11D3-BF4B-00C04F79EFBC}") = "BLL", "BLL\BLL.csproj", "{48D6D64F-8580-4401-B497-BA880571EF52}"
EndProject
Project("{FAE04EC0-301F-11D3-BF4B-00C04F79EFBC}") = "DAL", "DAL\DAL.csproj", "{5A0716E4-1C14-480F-AE91-16B00E22D6D6}"
EndProject
Global
	GlobalSection(SolutionConfigurationPlatforms) = preSolution
		Debug|Any CPU = Debug|Any CPU
		Release|Any CPU = Release|Any CPU
	EndGlobalSection
	GlobalSection(ProjectConfigurationPlatforms) = postSolution
		{E44BA0B6-49D7-4DC7-A859-28E268D72172}.Debug|Any CPU.ActiveCfg = Debug|Any CPU
		{E44BA0B6-49D7-4DC7-A859-28E268D72172}.Debug|Any CPU.Build.0 = Debug|Any CPU
		{E44BA0B6-49D7-4DC7-A859-28E268D72172}.Release|Any CPU.ActiveCfg = Release|Any CPU
		{E44BA0B6-49D7-4DC7-A859-28E268D72172}.Release|Any CPU.Build.0 = Release|Any CPU
		{48D6D64F-8580-4401-B497-BA880571EF52}.Debug|Any CPU.ActiveCfg = Debug|Any CPU
		{48D6D64F-8580-4401-B497-BA880571EF52}.Debug|Any CPU.Build.0 = Debug|Any CPU
		{48D6D64F-8580-4401-B497-BA880571EF52}.Release|Any CPU.ActiveCfg = Release|Any CPU
		{48D6D64F-8580-4401-B497-BA880571EF52}.Release|Any CPU.Build.0 = Release|Any CPU
		{5A0716E4-1C14-480F-AE91-16B00E22D6D6}.Debug|Any CPU.ActiveCfg = Debug|Any CPU
		{5A0716E4-1C14-480F-AE91-16B00E22D6D6}.Debug|Any CPU.Build.0 = Debug|Any CPU
		{5A0716E4-1C14-480F-AE91-16B00E22D6D6}.Release|Any CPU.ActiveCfg = Release|Any CPU
		{5A0716E4-1C14-480F-AE91-16B00E22D6D6}.Release|Any CPU.Build.0 = Release|Any CPU
	EndGlobalSection
	GlobalSection(SolutionProperties) = preSolution
		HideSolutionNode = FALSE
	EndGlobalSection
	GlobalSection(ExtensibilityGlobals) = postSolution
		SolutionGuid = {BA06B8B9-A5BE-41E7-952E-7BB0C62DDB6D}
	EndGlobalSection
EndGlobal
